
Microsoft Visual Studio Solution File, Format Version 12.00
# Visual Studio Version 17
VisualStudioVersion = 17.4.33205.214
MinimumVisualStudioVersion = 10.0.40219.1
Project("{9A19103F-16F7-4668-BE54-9A1E7A4F7556}") = "ICT2106", "ICT2106.csproj", "{64DDB037-0F67-4253-AD45-B6B987D74C04}"
EndProject
Global
	GlobalSection(SolutionConfigurationPlatforms) = preSolution
		Debug|Any CPU = Debug|Any CPU
		Release|Any CPU = Release|Any CPU
	EndGlobalSection
	GlobalSection(ProjectConfigurationPlatforms) = postSolution
		{64DDB037-0F67-4253-AD45-B6B987D74C04}.Debug|Any CPU.ActiveCfg = Debug|Any CPU
		{64DDB037-0F67-4253-AD45-B6B987D74C04}.Debug|Any CPU.Build.0 = Debug|Any CPU
		{64DDB037-0F67-4253-AD45-B6B987D74C04}.Release|Any CPU.ActiveCfg = Release|Any CPU
		{64DDB037-0F67-4253-AD45-B6B987D74C04}.Release|Any CPU.Build.0 = Release|Any CPU
	EndGlobalSection
	GlobalSection(SolutionProperties) = preSolution
		HideSolutionNode = FALSE
	EndGlobalSection
	GlobalSection(ExtensibilityGlobals) = postSolution
		SolutionGuid = {9BE028F9-72D7-47D3-9B08-A7A07E68D680}
	EndGlobalSection
EndGlobal
